
Microsoft Visual Studio Solution File, Format Version 12.00
# Visual Studio Version 16
VisualStudioVersion = 16.0.30523.141
MinimumVisualStudioVersion = 10.0.40219.1
Project("{FAE04EC0-301F-11D3-BF4B-00C04F79EFBC}") = "DotNetAssesmentApi", "DotNetAssesmentApi.csproj", "{974415AF-53DE-431C-9D1F-F612918788A5}"
EndProject
Global
	GlobalSection(SolutionConfigurationPlatforms) = preSolution
		Debug|Any CPU = Debug|Any CPU
		Release|Any CPU = Release|Any CPU
	EndGlobalSection
	GlobalSection(ProjectConfigurationPlatforms) = postSolution
		{974415AF-53DE-431C-9D1F-F612918788A5}.Debug|Any CPU.ActiveCfg = Debug|Any CPU
		{974415AF-53DE-431C-9D1F-F612918788A5}.Debug|Any CPU.Build.0 = Debug|Any CPU
		{974415AF-53DE-431C-9D1F-F612918788A5}.Release|Any CPU.ActiveCfg = Release|Any CPU
		{974415AF-53DE-431C-9D1F-F612918788A5}.Release|Any CPU.Build.0 = Release|Any CPU
	EndGlobalSection
	GlobalSection(SolutionProperties) = preSolution
		HideSolutionNode = FALSE
	EndGlobalSection
	GlobalSection(ExtensibilityGlobals) = postSolution
		SolutionGuid = {C3678EE4-649A-4217-BB5E-59E7486257EA}
	EndGlobalSection
EndGlobal
